
Microsoft Visual Studio Solution File, Format Version 12.00
# Visual Studio Version 16
VisualStudioVersion = 16.0.34902.97
MinimumVisualStudioVersion = 10.0.40219.1
Project("{D2ABAB84-BF74-430A-B69E-9DC6D40DDA17}") = "ResortHotelDW", "ResortHotelDW.dwproj", "{B7C7A85B-E139-4FCF-A2CD-94CAEA7FFEBC}"
EndProject
Global
	GlobalSection(SolutionConfigurationPlatforms) = preSolution
		Development|Default = Development|Default
	EndGlobalSection
	GlobalSection(ProjectConfigurationPlatforms) = postSolution
		{B7C7A85B-E139-4FCF-A2CD-94CAEA7FFEBC}.Development|Default.ActiveCfg = Development
		{B7C7A85B-E139-4FCF-A2CD-94CAEA7FFEBC}.Development|Default.Build.0 = Development
		{B7C7A85B-E139-4FCF-A2CD-94CAEA7FFEBC}.Development|Default.Deploy.0 = Development
	EndGlobalSection
	GlobalSection(SolutionProperties) = preSolution
		HideSolutionNode = FALSE
	EndGlobalSection
	GlobalSection(ExtensibilityGlobals) = postSolution
		SolutionGuid = {A2A3AE17-B674-4F00-A9B9-714EF297A0AC}
	EndGlobalSection
EndGlobal
